// !$*UTF8*$!
{
	archiveVersion = 1;
	classes = {
	};
	objectVersion = 46;
	objects = {

/* Begin PBXBuildFile section */
		90CC64BE1C0C837E00E4F454 /* SelectedTableViewCell.m in Sources */ = {isa = PBXBuildFile; fileRef = 90CC64BC1C0C837E00E4F454 /* SelectedTableViewCell.m */; };
		90CC64BF1C0C837E00E4F454 /* SelectedTableViewCell.xib in Resources */ = {isa = PBXBuildFile; fileRef = 90CC64BD1C0C837E00E4F454 /* SelectedTableViewCell.xib */; };
		90CC64C41C0C87ED00E4F454 /* 1.png in Resources */ = {isa = PBXBuildFile; fileRef = 90CC64C01C0C87ED00E4F454 /* 1.png */; };
		90CC64C51C0C87ED00E4F454 /* 2.png in Resources */ = {isa = PBXBuildFile; fileRef = 90CC64C11C0C87ED00E4F454 /* 2.png */; };
		90CC64C71C0C87ED00E4F454 /* 3.png in Resources */ = {isa = PBXBuildFile; fileRef = 90CC64C31C0C87ED00E4F454 /* 3.png */; };
		90CC64CA1C0C957500E4F454 /* SelectedHeaderView.m in Sources */ = {isa = PBXBuildFile; fileRef = 90CC64C91C0C957500E4F454 /* SelectedHeaderView.m */; };
		90D31D911C0C3B8C00C50433 /* main.m in Sources */ = {isa = PBXBuildFile; fileRef = 90D31D901C0C3B8C00C50433 /* main.m */; };
		90D31D941C0C3B8C00C50433 /* AppDelegate.m in Sources */ = {isa = PBXBuildFile; fileRef = 90D31D931C0C3B8C00C50433 /* AppDelegate.m */; };
		90D31D971C0C3B8C00C50433 /* ViewController.m in Sources */ = {isa = PBXBuildFile; fileRef = 90D31D961C0C3B8C00C50433 /* ViewController.m */; };
		90D31D9A1C0C3B8C00C50433 /* Main.storyboard in Resources */ = {isa = PBXBuildFile; fileRef = 90D31D981C0C3B8C00C50433 /* Main.storyboard */; };
		90D31D9C1C0C3B8C00C50433 /* Assets.xcassets in Resources */ = {isa = PBXBuildFile; fileRef = 90D31D9B1C0C3B8C00C50433 /* Assets.xcassets */; };
		90D31D9F1C0C3B8C00C50433 /* LaunchScreen.storyboard in Resources */ = {isa = PBXBuildFile; fileRef = 90D31D9D1C0C3B8C00C50433 /* LaunchScreen.storyboard */; };
		90D31DAA1C0C3B8C00C50433 /* KKHDomeTests.m in Sources */ = {isa = PBXBuildFile; fileRef = 90D31DA91C0C3B8C00C50433 /* KKHDomeTests.m */; };
		90D31DB51C0C3B8C00C50433 /* KKHDomeUITests.m in Sources */ = {isa = PBXBuildFile; fileRef = 90D31DB41C0C3B8C00C50433 /* KKHDomeUITests.m */; };
		90D31DCA1C0C43DE00C50433 /* MainTabBarViewController.m in Sources */ = {isa = PBXBuildFile; fileRef = 90D31DC91C0C43DE00C50433 /* MainTabBarViewController.m */; };
		90D31DCD1C0C4BCA00C50433 /* TabbarView.m in Sources */ = {isa = PBXBuildFile; fileRef = 90D31DCC1C0C4BCA00C50433 /* TabbarView.m */; };
		90D31DD11C0C503B00C50433 /* UIView+Frame.m in Sources */ = {isa = PBXBuildFile; fileRef = 90D31DD01C0C503B00C50433 /* UIView+Frame.m */; };
		90D31DD31C0C5A0000C50433 /* xingothic-sc-w4.otf in Resources */ = {isa = PBXBuildFile; fileRef = 90D31DD21C0C5A0000C50433 /* xingothic-sc-w4.otf */; };
		90D31DD61C0C5A9600C50433 /* SelectedViewController.m in Sources */ = {isa = PBXBuildFile; fileRef = 90D31DD51C0C5A9600C50433 /* SelectedViewController.m */; };
		90D31DD91C0C5E4800C50433 /* ConcernViewController.m in Sources */ = {isa = PBXBuildFile; fileRef = 90D31DD81C0C5E4800C50433 /* ConcernViewController.m */; };
		90D31DDC1C0C5E5200C50433 /* AddViewController.m in Sources */ = {isa = PBXBuildFile; fileRef = 90D31DDB1C0C5E5200C50433 /* AddViewController.m */; };
		90D31DDF1C0C5E5C00C50433 /* MessageViewController.m in Sources */ = {isa = PBXBuildFile; fileRef = 90D31DDE1C0C5E5C00C50433 /* MessageViewController.m */; };
		90D31DE21C0C5E6500C50433 /* MeViewController.m in Sources */ = {isa = PBXBuildFile; fileRef = 90D31DE11C0C5E6500C50433 /* MeViewController.m */; };
		90D31DE51C0C5E7D00C50433 /* basicViewController.m in Sources */ = {isa = PBXBuildFile; fileRef = 90D31DE41C0C5E7D00C50433 /* basicViewController.m */; };
/* End PBXBuildFile section */

/* Begin PBXContainerItemProxy section */
		90D31DA61C0C3B8C00C50433 /* PBXContainerItemProxy */ = {
			isa = PBXContainerItemProxy;
			containerPortal = 90D31D841C0C3B8C00C50433 /* Project object */;
			proxyType = 1;
			remoteGlobalIDString = 90D31D8B1C0C3B8C00C50433;
			remoteInfo = KKHDome;
		};
		90D31DB11C0C3B8C00C50433 /* PBXContainerItemProxy */ = {
			isa = PBXContainerItemProxy;
			containerPortal = 90D31D841C0C3B8C00C50433 /* Project object */;
			proxyType = 1;
			remoteGlobalIDString = 90D31D8B1C0C3B8C00C50433;
			remoteInfo = KKHDome;
		};
/* End PBXContainerItemProxy section */

/* Begin PBXFileReference section */
		90CC64BB1C0C837E00E4F454 /* SelectedTableViewCell.h */ = {isa = PBXFileReference; fileEncoding = 4; lastKnownFileType = sourcecode.c.h; path = SelectedTableViewCell.h; sourceTree = "<group>"; };
		90CC64BC1C0C837E00E4F454 /* SelectedTableViewCell.m */ = {isa = PBXFileReference; fileEncoding = 4; lastKnownFileType = sourcecode.c.objc; path = SelectedTableViewCell.m; sourceTree = "<group>"; };
		90CC64BD1C0C837E00E4F454 /* SelectedTableViewCell.xib */ = {isa = PBXFileReference; fileEncoding = 4; lastKnownFileType = file.xib; path = SelectedTableViewCell.xib; sourceTree = "<group>"; };
		90CC64C01C0C87ED00E4F454 /* 1.png */ = {isa = PBXFileReference; lastKnownFileType = image.png; path = 1.png; sourceTree = "<group>"; };
		90CC64C11C0C87ED00E4F454 /* 2.png */ = {isa = PBXFileReference; lastKnownFileType = image.png; path = 2.png; sourceTree = "<group>"; };
		90CC64C31C0C87ED00E4F454 /* 3.png */ = {isa = PBXFileReference; lastKnownFileType = image.png; path = 3.png; sourceTree = "<group>"; };
		90CC64C81C0C957500E4F454 /* SelectedHeaderView.h */ = {isa = PBXFileReference; fileEncoding = 4; lastKnownFileType = sourcecode.c.h; path = SelectedHeaderView.h; sourceTree = "<group>"; };
		90CC64C91C0C957500E4F454 /* SelectedHeaderView.m */ = {isa = PBXFileReference; fileEncoding = 4; lastKnownFileType = sourcecode.c.objc; path = SelectedHeaderView.m; sourceTree = "<group>"; };
		90D31D8C1C0C3B8C00C50433 /* KKHDome.app */ = {isa = PBXFileReference; explicitFileType = wrapper.application; includeInIndex = 0; path = KKHDome.app; sourceTree = BUILT_PRODUCTS_DIR; };
		90D31D901C0C3B8C00C50433 /* main.m */ = {isa = PBXFileReference; lastKnownFileType = sourcecode.c.objc; path = main.m; sourceTree = "<group>"; };
		90D31D921C0C3B8C00C50433 /* AppDelegate.h */ = {isa = PBXFileReference; lastKnownFileType = sourcecode.c.h; path = AppDelegate.h; sourceTree = "<group>"; };
		90D31D931C0C3B8C00C50433 /* AppDelegate.m */ = {isa = PBXFileReference; lastKnownFileType = sourcecode.c.objc; path = AppDelegate.m; sourceTree = "<group>"; };
		90D31D951C0C3B8C00C50433 /* ViewController.h */ = {isa = PBXFileReference; lastKnownFileType = sourcecode.c.h; path = ViewController.h; sourceTree = "<group>"; };
		90D31D961C0C3B8C00C50433 /* ViewController.m */ = {isa = PBXFileReference; lastKnownFileType = sourcecode.c.objc; path = ViewController.m; sourceTree = "<group>"; };
		90D31D991C0C3B8C00C50433 /* Base */ = {isa = PBXFileReference; lastKnownFileType = file.storyboard; name = Base; path = Base.lproj/Main.storyboard; sourceTree = "<group>"; };
		90D31D9B1C0C3B8C00C50433 /* Assets.xcassets */ = {isa = PBXFileReference; lastKnownFileType = folder.assetcatalog; path = Assets.xcassets; sourceTree = "<group>"; };
		90D31D9E1C0C3B8C00C50433 /* Base */ = {isa = PBXFileReference; lastKnownFileType = file.storyboard; name = Base; path = Base.lproj/LaunchScreen.storyboard; sourceTree = "<group>"; };
		90D31DA01C0C3B8C00C50433 /* Info.plist */ = {isa = PBXFileReference; lastKnownFileType = text.plist.xml; path = Info.plist; sourceTree = "<group>"; };
		90D31DA51C0C3B8C00C50433 /* KKHDomeTests.xctest */ = {isa = PBXFileReference; explicitFileType = wrapper.cfbundle; includeInIndex = 0; path = KKHDomeTests.xctest; sourceTree = BUILT_PRODUCTS_DIR; };
		90D31DA91C0C3B8C00C50433 /* KKHDomeTests.m */ = {isa = PBXFileReference; lastKnownFileType = sourcecode.c.objc; path = KKHDomeTests.m; sourceTree = "<group>"; };
		90D31DAB1C0C3B8C00C50433 /* Info.plist */ = {isa = PBXFileReference; lastKnownFileType = text.plist.xml; path = Info.plist; sourceTree = "<group>"; };
		90D31DB01C0C3B8C00C50433 /* KKHDomeUITests.xctest */ = {isa = PBXFileReference; explicitFileType = wrapper.cfbundle; includeInIndex = 0; path = KKHDomeUITests.xctest; sourceTree = BUILT_PRODUCTS_DIR; };
		90D31DB41C0C3B8C00C50433 /* KKHDomeUITests.m */ = {isa = PBXFileReference; lastKnownFileType = sourcecode.c.objc; path = KKHDomeUITests.m; sourceTree = "<group>"; };
		90D31DB61C0C3B8C00C50433 /* Info.plist */ = {isa = PBXFileReference; lastKnownFileType = text.plist.xml; path = Info.plist; sourceTree = "<group>"; };
		90D31DC81C0C43DE00C50433 /* MainTabBarViewController.h */ = {isa = PBXFileReference; fileEncoding = 4; lastKnownFileType = sourcecode.c.h; path = MainTabBarViewController.h; sourceTree = "<group>"; };
		90D31DC91C0C43DE00C50433 /* MainTabBarViewController.m */ = {isa = PBXFileReference; fileEncoding = 4; lastKnownFileType = sourcecode.c.objc; path = MainTabBarViewController.m; sourceTree = "<group>"; };
		90D31DCB1C0C4BCA00C50433 /* TabbarView.h */ = {isa = PBXFileReference; fileEncoding = 4; lastKnownFileType = sourcecode.c.h; path = TabbarView.h; sourceTree = "<group>"; };
		90D31DCC1C0C4BCA00C50433 /* TabbarView.m */ = {isa = PBXFileReference; fileEncoding = 4; lastKnownFileType = sourcecode.c.objc; path = TabbarView.m; sourceTree = "<group>"; };
		90D31DCE1C0C4EC100C50433 /* CommonMacros.h */ = {isa = PBXFileReference; lastKnownFileType = sourcecode.c.h; path = CommonMacros.h; sourceTree = "<group>"; };
		90D31DCF1C0C503B00C50433 /* UIView+Frame.h */ = {isa = PBXFileReference; fileEncoding = 4; lastKnownFileType = sourcecode.c.h; path = "UIView+Frame.h"; sourceTree = "<group>"; };
		90D31DD01C0C503B00C50433 /* UIView+Frame.m */ = {isa = PBXFileReference; fileEncoding = 4; lastKnownFileType = sourcecode.c.objc; path = "UIView+Frame.m"; sourceTree = "<group>"; };
		90D31DD21C0C5A0000C50433 /* xingothic-sc-w4.otf */ = {isa = PBXFileReference; lastKnownFileType = file; path = "xingothic-sc-w4.otf"; sourceTree = "<group>"; };
		90D31DD41C0C5A9600C50433 /* SelectedViewController.h */ = {isa = PBXFileReference; fileEncoding = 4; lastKnownFileType = sourcecode.c.h; path = SelectedViewController.h; sourceTree = "<group>"; };
		90D31DD51C0C5A9600C50433 /* SelectedViewController.m */ = {isa = PBXFileReference; fileEncoding = 4; lastKnownFileType = sourcecode.c.objc; path = SelectedViewController.m; sourceTree = "<group>"; };
		90D31DD71C0C5E4800C50433 /* ConcernViewController.h */ = {isa = PBXFileReference; fileEncoding = 4; lastKnownFileType = sourcecode.c.h; path = ConcernViewController.h; sourceTree = "<group>"; };
		90D31DD81C0C5E4800C50433 /* ConcernViewController.m */ = {isa = PBXFileReference; fileEncoding = 4; lastKnownFileType = sourcecode.c.objc; path = ConcernViewController.m; sourceTree = "<group>"; };
		90D31DDA1C0C5E5200C50433 /* AddViewController.h */ = {isa = PBXFileReference; fileEncoding = 4; lastKnownFileType = sourcecode.c.h; path = AddViewController.h; sourceTree = "<group>"; };
		90D31DDB1C0C5E5200C50433 /* AddViewController.m */ = {isa = PBXFileReference; fileEncoding = 4; lastKnownFileType = sourcecode.c.objc; path = AddViewController.m; sourceTree = "<group>"; };
		90D31DDD1C0C5E5C00C50433 /* MessageViewController.h */ = {isa = PBXFileReference; fileEncoding = 4; lastKnownFileType = sourcecode.c.h; path = MessageViewController.h; sourceTree = "<group>"; };
		90D31DDE1C0C5E5C00C50433 /* MessageViewController.m */ = {isa = PBXFileReference; fileEncoding = 4; lastKnownFileType = sourcecode.c.objc; path = MessageViewController.m; sourceTree = "<group>"; };
		90D31DE01C0C5E6500C50433 /* MeViewController.h */ = {isa = PBXFileReference; fileEncoding = 4; lastKnownFileType = sourcecode.c.h; path = MeViewController.h; sourceTree = "<group>"; };
		90D31DE11C0C5E6500C50433 /* MeViewController.m */ = {isa = PBXFileReference; fileEncoding = 4; lastKnownFileType = sourcecode.c.objc; path = MeViewController.m; sourceTree = "<group>"; };
		90D31DE31C0C5E7D00C50433 /* basicViewController.h */ = {isa = PBXFileReference; fileEncoding = 4; lastKnownFileType = sourcecode.c.h; path = basicViewController.h; sourceTree = "<group>"; };
		90D31DE41C0C5E7D00C50433 /* basicViewController.m */ = {isa = PBXFileReference; fileEncoding = 4; lastKnownFileType = sourcecode.c.objc; path = basicViewController.m; sourceTree = "<group>"; };
/* End PBXFileReference section */

/* Begin PBXFrameworksBuildPhase section */
		90D31D891C0C3B8C00C50433 /* Frameworks */ = {
			isa = PBXFrameworksBuildPhase;
			buildActionMask = 2147483647;
			files = (
			);
			runOnlyForDeploymentPostprocessing = 0;
		};
		90D31DA21C0C3B8C00C50433 /* Frameworks */ = {
			isa = PBXFrameworksBuildPhase;
			buildActionMask = 2147483647;
			files = (
			);
			runOnlyForDeploymentPostprocessing = 0;
		};
		90D31DAD1C0C3B8C00C50433 /* Frameworks */ = {
			isa = PBXFrameworksBuildPhase;
			buildActionMask = 2147483647;
			files = (
			);
			runOnlyForDeploymentPostprocessing = 0;
		};
/* End PBXFrameworksBuildPhase section */

/* Begin PBXGroup section */
		90D31D831C0C3B8C00C50433 = {
			isa = PBXGroup;
			children = (
				90D31D8E1C0C3B8C00C50433 /* KKHDome */,
				90D31DA81C0C3B8C00C50433 /* KKHDomeTests */,
				90D31DB31C0C3B8C00C50433 /* KKHDomeUITests */,
				90D31D8D1C0C3B8C00C50433 /* Products */,
			);
			sourceTree = "<group>";
		};
		90D31D8D1C0C3B8C00C50433 /* Products */ = {
			isa = PBXGroup;
			children = (
				90D31D8C1C0C3B8C00C50433 /* KKHDome.app */,
				90D31DA51C0C3B8C00C50433 /* KKHDomeTests.xctest */,
				90D31DB01C0C3B8C00C50433 /* KKHDomeUITests.xctest */,
			);
			name = Products;
			sourceTree = "<group>";
		};
		90D31D8E1C0C3B8C00C50433 /* KKHDome */ = {
			isa = PBXGroup;
			children = (
				90D31DC21C0C3CE600C50433 /* Main */,
				90D31D921C0C3B8C00C50433 /* AppDelegate.h */,
				90D31D931C0C3B8C00C50433 /* AppDelegate.m */,
				90D31D951C0C3B8C00C50433 /* ViewController.h */,
				90D31D961C0C3B8C00C50433 /* ViewController.m */,
				90D31D981C0C3B8C00C50433 /* Main.storyboard */,
				90D31D9B1C0C3B8C00C50433 /* Assets.xcassets */,
				90D31D9D1C0C3B8C00C50433 /* LaunchScreen.storyboard */,
				90D31DA01C0C3B8C00C50433 /* Info.plist */,
				90D31D8F1C0C3B8C00C50433 /* Supporting Files */,
			);
			path = KKHDome;
			sourceTree = "<group>";
		};
		90D31D8F1C0C3B8C00C50433 /* Supporting Files */ = {
			isa = PBXGroup;
			children = (
				90D31D901C0C3B8C00C50433 /* main.m */,
			);
			name = "Supporting Files";
			sourceTree = "<group>";
		};
		90D31DA81C0C3B8C00C50433 /* KKHDomeTests */ = {
			isa = PBXGroup;
			children = (
				90D31DA91C0C3B8C00C50433 /* KKHDomeTests.m */,
				90D31DAB1C0C3B8C00C50433 /* Info.plist */,
			);
			path = KKHDomeTests;
			sourceTree = "<group>";
		};
		90D31DB31C0C3B8C00C50433 /* KKHDomeUITests */ = {
			isa = PBXGroup;
			children = (
				90D31DB41C0C3B8C00C50433 /* KKHDomeUITests.m */,
				90D31DB61C0C3B8C00C50433 /* Info.plist */,
			);
			path = KKHDomeUITests;
			sourceTree = "<group>";
		};
		90D31DC21C0C3CE600C50433 /* Main */ = {
			isa = PBXGroup;
			children = (
				90D31DC71C0C3CE600C50433 /* Selected */,
				90D31DC41C0C3CE600C50433 /* Concern */,
				90D31DC31C0C3CE600C50433 /* Add */,
				90D31DC61C0C3CE600C50433 /* Message */,
				90D31DC51C0C3CE600C50433 /* Me */,
				90D31DC81C0C43DE00C50433 /* MainTabBarViewController.h */,
				90D31DC91C0C43DE00C50433 /* MainTabBarViewController.m */,
				90D31DCB1C0C4BCA00C50433 /* TabbarView.h */,
				90D31DCC1C0C4BCA00C50433 /* TabbarView.m */,
				90D31DCE1C0C4EC100C50433 /* CommonMacros.h */,
				90D31DCF1C0C503B00C50433 /* UIView+Frame.h */,
				90D31DD01C0C503B00C50433 /* UIView+Frame.m */,
				90D31DD21C0C5A0000C50433 /* xingothic-sc-w4.otf */,
				90D31DE31C0C5E7D00C50433 /* basicViewController.h */,
				90D31DE41C0C5E7D00C50433 /* basicViewController.m */,
			);
			path = Main;
			sourceTree = "<group>";
		};
		90D31DC31C0C3CE600C50433 /* Add */ = {
			isa = PBXGroup;
			children = (
				90D31DDA1C0C5E5200C50433 /* AddViewController.h */,
				90D31DDB1C0C5E5200C50433 /* AddViewController.m */,
			);
			path = Add;
			sourceTree = "<group>";
		};
		90D31DC41C0C3CE600C50433 /* Concern */ = {
			isa = PBXGroup;
			children = (
				90D31DD71C0C5E4800C50433 /* ConcernViewController.h */,
				90D31DD81C0C5E4800C50433 /* ConcernViewController.m */,
			);
			path = Concern;
			sourceTree = "<group>";
		};
		90D31DC51C0C3CE600C50433 /* Me */ = {
			isa = PBXGroup;
			children = (
				90D31DE01C0C5E6500C50433 /* MeViewController.h */,
				90D31DE11C0C5E6500C50433 /* MeViewController.m */,
			);
			path = Me;
			sourceTree = "<group>";
		};
		90D31DC61C0C3CE600C50433 /* Message */ = {
			isa = PBXGroup;
			children = (
				90D31DDD1C0C5E5C00C50433 /* MessageViewController.h */,
				90D31DDE1C0C5E5C00C50433 /* MessageViewController.m */,
			);
			path = Message;
			sourceTree = "<group>";
		};
		90D31DC71C0C3CE600C50433 /* Selected */ = {
			isa = PBXGroup;
			children = (
				90CC64C01C0C87ED00E4F454 /* 1.png */,
				90CC64C11C0C87ED00E4F454 /* 2.png */,
				90CC64C31C0C87ED00E4F454 /* 3.png */,
				90D31DD41C0C5A9600C50433 /* SelectedViewController.h */,
				90D31DD51C0C5A9600C50433 /* SelectedViewController.m */,
				90CC64BB1C0C837E00E4F454 /* SelectedTableViewCell.h */,
				90CC64BC1C0C837E00E4F454 /* SelectedTableViewCell.m */,
				90CC64BD1C0C837E00E4F454 /* SelectedTableViewCell.xib */,
				90CC64C81C0C957500E4F454 /* SelectedHeaderView.h */,
				90CC64C91C0C957500E4F454 /* SelectedHeaderView.m */,
			);
			path = Selected;
			sourceTree = "<group>";
		};
/* End PBXGroup section */

/* Begin PBXNativeTarget section */
		90D31D8B1C0C3B8C00C50433 /* KKHDome */ = {
			isa = PBXNativeTarget;
			buildConfigurationList = 90D31DB91C0C3B8C00C50433 /* Build configuration list for PBXNativeTarget "KKHDome" */;
			buildPhases = (
				90D31D881C0C3B8C00C50433 /* Sources */,
				90D31D891C0C3B8C00C50433 /* Frameworks */,
				90D31D8A1C0C3B8C00C50433 /* Resources */,
			);
			buildRules = (
			);
			dependencies = (
			);
			name = KKHDome;
			productName = KKHDome;
			productReference = 90D31D8C1C0C3B8C00C50433 /* KKHDome.app */;
			productType = "com.apple.product-type.application";
		};
		90D31DA41C0C3B8C00C50433 /* KKHDomeTests */ = {
			isa = PBXNativeTarget;
			buildConfigurationList = 90D31DBC1C0C3B8C00C50433 /* Build configuration list for PBXNativeTarget "KKHDomeTests" */;
			buildPhases = (
				90D31DA11C0C3B8C00C50433 /* Sources */,
				90D31DA21C0C3B8C00C50433 /* Frameworks */,
				90D31DA31C0C3B8C00C50433 /* Resources */,
			);
			buildRules = (
			);
			dependencies = (
				90D31DA71C0C3B8C00C50433 /* PBXTargetDependency */,
			);
			name = KKHDomeTests;
			productName = KKHDomeTests;
			productReference = 90D31DA51C0C3B8C00C50433 /* KKHDomeTests.xctest */;
			productType = "com.apple.product-type.bundle.unit-test";
		};
		90D31DAF1C0C3B8C00C50433 /* KKHDomeUITests */ = {
			isa = PBXNativeTarget;
			buildConfigurationList = 90D31DBF1C0C3B8C00C50433 /* Build configuration list for PBXNativeTarget "KKHDomeUITests" */;
			buildPhases = (
				90D31DAC1C0C3B8C00C50433 /* Sources */,
				90D31DAD1C0C3B8C00C50433 /* Frameworks */,
				90D31DAE1C0C3B8C00C50433 /* Resources */,
			);
			buildRules = (
			);
			dependencies = (
				90D31DB21C0C3B8C00C50433 /* PBXTargetDependency */,
			);
			name = KKHDomeUITests;
			productName = KKHDomeUITests;
			productReference = 90D31DB01C0C3B8C00C50433 /* KKHDomeUITests.xctest */;
			productType = "com.apple.product-type.bundle.ui-testing";
		};
/* End PBXNativeTarget section */

/* Begin PBXProject section */
		90D31D841C0C3B8C00C50433 /* Project object */ = {
			isa = PBXProject;
			attributes = {
				LastUpgradeCheck = 0700;
				ORGANIZATIONNAME = xian;
				TargetAttributes = {
					90D31D8B1C0C3B8C00C50433 = {
						CreatedOnToolsVersion = 7.0.1;
					};
					90D31DA41C0C3B8C00C50433 = {
						CreatedOnToolsVersion = 7.0.1;
						TestTargetID = 90D31D8B1C0C3B8C00C50433;
					};
					90D31DAF1C0C3B8C00C50433 = {
						CreatedOnToolsVersion = 7.0.1;
						TestTargetID = 90D31D8B1C0C3B8C00C50433;
					};
				};
			};
			buildConfigurationList = 90D31D871C0C3B8C00C50433 /* Build configuration list for PBXProject "KKHDome" */;
			compatibilityVersion = "Xcode 3.2";
			developmentRegion = English;
			hasScannedForEncodings = 0;
			knownRegions = (
				en,
				Base,
			);
			mainGroup = 90D31D831C0C3B8C00C50433;
			productRefGroup = 90D31D8D1C0C3B8C00C50433 /* Products */;
			projectDirPath = "";
			projectRoot = "";
			targets = (
				90D31D8B1C0C3B8C00C50433 /* KKHDome */,
				90D31DA41C0C3B8C00C50433 /* KKHDomeTests */,
				90D31DAF1C0C3B8C00C50433 /* KKHDomeUITests */,
			);
		};
/* End PBXProject section */

/* Begin PBXResourcesBuildPhase section */
		90D31D8A1C0C3B8C00C50433 /* Resources */ = {
			isa = PBXResourcesBuildPhase;
			buildActionMask = 2147483647;
			files = (
				90CC64C71C0C87ED00E4F454 /* 3.png in Resources */,
				90D31D9F1C0C3B8C00C50433 /* LaunchScreen.storyboard in Resources */,
				90D31D9C1C0C3B8C00C50433 /* Assets.xcassets in Resources */,
				90CC64C51C0C87ED00E4F454 /* 2.png in Resources */,
				90CC64BF1C0C837E00E4F454 /* SelectedTableViewCell.xib in Resources */,
				90CC64C41C0C87ED00E4F454 /* 1.png in Resources */,
				90D31DD31C0C5A0000C50433 /* xingothic-sc-w4.otf in Resources */,
				90D31D9A1C0C3B8C00C50433 /* Main.storyboard in Resources */,
			);
			runOnlyForDeploymentPostprocessing = 0;
		};
		90D31DA31C0C3B8C00C50433 /* Resources */ = {
			isa = PBXResourcesBuildPhase;
			buildActionMask = 2147483647;
			files = (
			);
			runOnlyForDeploymentPostprocessing = 0;
		};
		90D31DAE1C0C3B8C00C50433 /* Resources */ = {
			isa = PBXResourcesBuildPhase;
			buildActionMask = 2147483647;
			files = (
			);
			runOnlyForDeploymentPostprocessing = 0;
		};
/* End PBXResourcesBuildPhase section */

/* Begin PBXSourcesBuildPhase section */
		90D31D881C0C3B8C00C50433 /* Sources */ = {
			isa = PBXSourcesBuildPhase;
			buildActionMask = 2147483647;
			files = (
				90D31DD11C0C503B00C50433 /* UIView+Frame.m in Sources */,
				90D31DD91C0C5E4800C50433 /* ConcernViewController.m in Sources */,
				90D31D971C0C3B8C00C50433 /* ViewController.m in Sources */,
				90CC64BE1C0C837E00E4F454 /* SelectedTableViewCell.m in Sources */,
				90CC64CA1C0C957500E4F454 /* SelectedHeaderView.m in Sources */,
				90D31DCA1C0C43DE00C50433 /* MainTabBarViewController.m in Sources */,
				90D31DCD1C0C4BCA00C50433 /* TabbarView.m in Sources */,
				90D31DE51C0C5E7D00C50433 /* basicViewController.m in Sources */,
				90D31D941C0C3B8C00C50433 /* AppDelegate.m in Sources */,
				90D31DDF1C0C5E5C00C50433 /* MessageViewController.m in Sources */,
				90D31D911C0C3B8C00C50433 /* main.m in Sources */,
				90D31DD61C0C5A9600C50433 /* SelectedViewController.m in Sources */,
				90D31DE21C0C5E6500C50433 /* MeViewController.m in Sources */,
				90D31DDC1C0C5E5200C50433 /* AddViewController.m in Sources */,
			);
			runOnlyForDeploymentPostprocessing = 0;
		};
		90D31DA11C0C3B8C00C50433 /* Sources */ = {
			isa = PBXSourcesBuildPhase;
			buildActionMask = 2147483647;
			files = (
				90D31DAA1C0C3B8C00C50433 /* KKHDomeTests.m in Sources */,
			);
			runOnlyForDeploymentPostprocessing = 0;
		};
		90D31DAC1C0C3B8C00C50433 /* Sources */ = {
			isa = PBXSourcesBuildPhase;
			buildActionMask = 2147483647;
			files = (
				90D31DB51C0C3B8C00C50433 /* KKHDomeUITests.m in Sources */,
			);
			runOnlyForDeploymentPostprocessing = 0;
		};
/* End PBXSourcesBuildPhase section */

/* Begin PBXTargetDependency section */
		90D31DA71C0C3B8C00C50433 /* PBXTargetDependency */ = {
			isa = PBXTargetDependency;
			target = 90D31D8B1C0C3B8C00C50433 /* KKHDome */;
			targetProxy = 90D31DA61C0C3B8C00C50433 /* PBXContainerItemProxy */;
		};
		90D31DB21C0C3B8C00C50433 /* PBXTargetDependency */ = {
			isa = PBXTargetDependency;
			target = 90D31D8B1C0C3B8C00C50433 /* KKHDome */;
			targetProxy = 90D31DB11C0C3B8C00C50433 /* PBXContainerItemProxy */;
		};
/* End PBXTargetDependency section */

/* Begin PBXVariantGroup section */
		90D31D981C0C3B8C00C50433 /* Main.storyboard */ = {
			isa = PBXVariantGroup;
			children = (
				90D31D991C0C3B8C00C50433 /* Base */,
			);
			name = Main.storyboard;
			sourceTree = "<group>";
		};
		90D31D9D1C0C3B8C00C50433 /* LaunchScreen.storyboard */ = {
			isa = PBXVariantGroup;
			children = (
				90D31D9E1C0C3B8C00C50433 /* Base */,
			);
			name = LaunchScreen.storyboard;
			sourceTree = "<group>";
		};
/* End PBXVariantGroup section */

/* Begin XCBuildConfiguration section */
		90D31DB71C0C3B8C00C50433 /* Debug */ = {
			isa = XCBuildConfiguration;
			buildSettings = {
				ALWAYS_SEARCH_USER_PATHS = NO;
				CLANG_CXX_LANGUAGE_STANDARD = "gnu++0x";
				CLANG_CXX_LIBRARY = "libc++";
				CLANG_ENABLE_MODULES = YES;
				CLANG_ENABLE_OBJC_ARC = YES;
				CLANG_WARN_BOOL_CONVERSION = YES;
				CLANG_WARN_CONSTANT_CONVERSION = YES;
				CLANG_WARN_DIRECT_OBJC_ISA_USAGE = YES_ERROR;
				CLANG_WARN_EMPTY_BODY = YES;
				CLANG_WARN_ENUM_CONVERSION = YES;
				CLANG_WARN_INT_CONVERSION = YES;
				CLANG_WARN_OBJC_ROOT_CLASS = YES_ERROR;
				CLANG_WARN_UNREACHABLE_CODE = YES;
				CLANG_WARN__DUPLICATE_METHOD_MATCH = YES;
				"CODE_SIGN_IDENTITY[sdk=iphoneos*]" = "iPhone Developer";
				COPY_PHASE_STRIP = NO;
				DEBUG_INFORMATION_FORMAT = dwarf;
				ENABLE_STRICT_OBJC_MSGSEND = YES;
				ENABLE_TESTABILITY = YES;
				GCC_C_LANGUAGE_STANDARD = gnu99;
				GCC_DYNAMIC_NO_PIC = NO;
				GCC_NO_COMMON_BLOCKS = YES;
				GCC_OPTIMIZATION_LEVEL = 0;
				GCC_PREPROCESSOR_DEFINITIONS = (
					"DEBUG=1",
					"$(inherited)",
				);
				GCC_WARN_64_TO_32_BIT_CONVERSION = YES;
				GCC_WARN_ABOUT_RETURN_TYPE = YES_ERROR;
				GCC_WARN_UNDECLARED_SELECTOR = YES;
				GCC_WARN_UNINITIALIZED_AUTOS = YES_AGGRESSIVE;
				GCC_WARN_UNUSED_FUNCTION = YES;
				GCC_WARN_UNUSED_VARIABLE = YES;
				IPHONEOS_DEPLOYMENT_TARGET = 9.0;
				MTL_ENABLE_DEBUG_INFO = YES;
				ONLY_ACTIVE_ARCH = YES;
				SDKROOT = iphoneos;
				TARGETED_DEVICE_FAMILY = "1,2";
			};
			name = Debug;
		};
		90D31DB81C0C3B8C00C50433 /* Release */ = {
			isa = XCBuildConfiguration;
			buildSettings = {
				ALWAYS_SEARCH_USER_PATHS = NO;
				CLANG_CXX_LANGUAGE_STANDARD = "gnu++0x";
				CLANG_CXX_LIBRARY = "libc++";
				CLANG_ENABLE_MODULES = YES;
				CLANG_ENABLE_OBJC_ARC = YES;
				CLANG_WARN_BOOL_CONVERSION = YES;
				CLANG_WARN_CONSTANT_CONVERSION = YES;
				CLANG_WARN_DIRECT_OBJC_ISA_USAGE = YES_ERROR;
				CLANG_WARN_EMPTY_BODY = YES;
				CLANG_WARN_ENUM_CONVERSION = YES;
				CLANG_WARN_INT_CONVERSION = YES;
				CLANG_WARN_OBJC_ROOT_CLASS = YES_ERROR;
				CLANG_WARN_UNREACHABLE_CODE = YES;
				CLANG_WARN__DUPLICATE_METHOD_MATCH = YES;
				"CODE_SIGN_IDENTITY[sdk=iphoneos*]" = "iPhone Developer";
				COPY_PHASE_STRIP = NO;
				DEBUG_INFORMATION_FORMAT = "dwarf-with-dsym";
				ENABLE_NS_ASSERTIONS = NO;
				ENABLE_STRICT_OBJC_MSGSEND = YES;
				GCC_C_LANGUAGE_STANDARD = gnu99;
				GCC_NO_COMMON_BLOCKS = YES;
				GCC_WARN_64_TO_32_BIT_CONVERSION = YES;
				GCC_WARN_ABOUT_RETURN_TYPE = YES_ERROR;
				GCC_WARN_UNDECLARED_SELECTOR = YES;
				GCC_WARN_UNINITIALIZED_AUTOS = YES_AGGRESSIVE;
				GCC_WARN_UNUSED_FUNCTION = YES;
				GCC_WARN_UNUSED_VARIABLE = YES;
				IPHONEOS_DEPLOYMENT_TARGET = 9.0;
				MTL_ENABLE_DEBUG_INFO = NO;
				SDKROOT = iphoneos;
				TARGETED_DEVICE_FAMILY = "1,2";
				VALIDATE_PRODUCT = YES;
			};
			name = Release;
		};
		90D31DBA1C0C3B8C00C50433 /* Debug */ = {
			isa = XCBuildConfiguration;
			buildSettings = {
				ASSETCATALOG_COMPILER_APPICON_NAME = AppIcon;
				INFOPLIST_FILE = KKHDome/Info.plist;
				IPHONEOS_DEPLOYMENT_TARGET = 8.0;
				LD_RUNPATH_SEARCH_PATHS = "$(inherited) @executable_path/Frameworks";
				PRODUCT_BUNDLE_IDENTIFIER = com.test.com.KKHDome;
				PRODUCT_NAME = "$(TARGET_NAME)";
			};
			name = Debug;
		};
		90D31DBB1C0C3B8C00C50433 /* Release */ = {
			isa = XCBuildConfiguration;
			buildSettings = {
				ASSETCATALOG_COMPILER_APPICON_NAME = AppIcon;
				INFOPLIST_FILE = KKHDome/Info.plist;
				IPHONEOS_DEPLOYMENT_TARGET = 8.0;
				LD_RUNPATH_SEARCH_PATHS = "$(inherited) @executable_path/Frameworks";
				PRODUCT_BUNDLE_IDENTIFIER = com.test.com.KKHDome;
				PRODUCT_NAME = "$(TARGET_NAME)";
			};
			name = Release;
		};
		90D31DBD1C0C3B8C00C50433 /* Debug */ = {
			isa = XCBuildConfiguration;
			buildSettings = {
				BUNDLE_LOADER = "$(TEST_HOST)";
				INFOPLIST_FILE = KKHDomeTests/Info.plist;
				LD_RUNPATH_SEARCH_PATHS = "$(inherited) @executable_path/Frameworks @loader_path/Frameworks";
				PRODUCT_BUNDLE_IDENTIFIER = com.test.com.KKHDomeTests;
				PRODUCT_NAME = "$(TARGET_NAME)";
				TEST_HOST = "$(BUILT_PRODUCTS_DIR)/KKHDome.app/KKHDome";
			};
			name = Debug;
		};
		90D31DBE1C0C3B8C00C50433 /* Release */ = {
			isa = XCBuildConfiguration;
			buildSettings = {
				BUNDLE_LOADER = "$(TEST_HOST)";
				INFOPLIST_FILE = KKHDomeTests/Info.plist;
				LD_RUNPATH_SEARCH_PATHS = "$(inherited) @executable_path/Frameworks @loader_path/Frameworks";
				PRODUCT_BUNDLE_IDENTIFIER = com.test.com.KKHDomeTests;
				PRODUCT_NAME = "$(TARGET_NAME)";
				TEST_HOST = "$(BUILT_PRODUCTS_DIR)/KKHDome.app/KKHDome";
			};
			name = Release;
		};
		90D31DC01C0C3B8C00C50433 /* Debug */ = {
			isa = XCBuildConfiguration;
			buildSettings = {
				INFOPLIST_FILE = KKHDomeUITests/Info.plist;
				LD_RUNPATH_SEARCH_PATHS = "$(inherited) @executable_path/Frameworks @loader_path/Frameworks";
				PRODUCT_BUNDLE_IDENTIFIER = com.test.com.KKHDomeUITests;
				PRODUCT_NAME = "$(TARGET_NAME)";
				TEST_TARGET_NAME = KKHDome;
				USES_XCTRUNNER = YES;
			};
			name = Debug;
		};
		90D31DC11C0C3B8C00C50433 /* Release */ = {
			isa = XCBuildConfiguration;
			buildSettings = {
				INFOPLIST_FILE = KKHDomeUITests/Info.plist;
				LD_RUNPATH_SEARCH_PATHS = "$(inherited) @executable_path/Frameworks @loader_path/Frameworks";
				PRODUCT_BUNDLE_IDENTIFIER = com.test.com.KKHDomeUITests;
				PRODUCT_NAME = "$(TARGET_NAME)";
				TEST_TARGET_NAME = KKHDome;
				USES_XCTRUNNER = YES;
			};
			name = Release;
		};
/* End XCBuildConfiguration section */

/* Begin XCConfigurationList section */
		90D31D871C0C3B8C00C50433 /* Build configuration list for PBXProject "KKHDome" */ = {
			isa = XCConfigurationList;
			buildConfigurations = (
				90D31DB71C0C3B8C00C50433 /* Debug */,
				90D31DB81C0C3B8C00C50433 /* Release */,
			);
			defaultConfigurationIsVisible = 0;
			defaultConfigurationName = Release;
		};
		90D31DB91C0C3B8C00C50433 /* Build configuration list for PBXNativeTarget "KKHDome" */ = {
			isa = XCConfigurationList;
			buildConfigurations = (
				90D31DBA1C0C3B8C00C50433 /* Debug */,
				90D31DBB1C0C3B8C00C50433 /* Release */,
			);
			defaultConfigurationIsVisible = 0;
			defaultConfigurationName = Release;
		};
		90D31DBC1C0C3B8C00C50433 /* Build configuration list for PBXNativeTarget "KKHDomeTests" */ = {
			isa = XCConfigurationList;
			buildConfigurations = (
				90D31DBD1C0C3B8C00C50433 /* Debug */,
				90D31DBE1C0C3B8C00C50433 /* Release */,
			);
			defaultConfigurationIsVisible = 0;
			defaultConfigurationName = Release;
		};
		90D31DBF1C0C3B8C00C50433 /* Build configuration list for PBXNativeTarget "KKHDomeUITests" */ = {
			isa = XCConfigurationList;
			buildConfigurations = (
				90D31DC01C0C3B8C00C50433 /* Debug */,
				90D31DC11C0C3B8C00C50433 /* Release */,
			);
			defaultConfigurationIsVisible = 0;
			defaultConfigurationName = Release;
		};
/* End XCConfigurationList section */
	};
	rootObject = 90D31D841C0C3B8C00C50433 /* Project object */;
}
